<?xml version="1.0" encoding="utf-8"?>
<Project ToolsVersion="4.0" xmlns="http://schemas.microsoft.com/developer/msbuild/2003">
  <ItemGroup>
    <Filter Include="ZTEARS">
      <UniqueIdentifier>{1cdcd30e-e28a-4c4c-9cba-90edc9b5926c}</UniqueIdentifier>
    </Filter>
  </ItemGroup>
  <ItemGroup>
    <ClInclude Include="ZTEARS.h">
      <Filter>ZTEARS</Filter>
    </ClInclude>
    <ClInclude Include="ZBADTEARS.h">
      <Filter>ZTEARS</Filter>
    </ClInclude>
  </ItemGroup>
</Project>